
Microsoft Visual Studio Solution File, Format Version 12.00
Project("{FAE04EC0-301F-11D3-BF4B-00C04F79EFBC}") = "Vetores", "Vetores\Vetores.csproj", "{05BE7526-D757-48FF-A73C-7C7ED84E251D}"
EndProject
Global
	GlobalSection(SolutionConfigurationPlatforms) = preSolution
		Debug|Any CPU = Debug|Any CPU
		Release|Any CPU = Release|Any CPU
	EndGlobalSection
	GlobalSection(ProjectConfigurationPlatforms) = postSolution
		{05BE7526-D757-48FF-A73C-7C7ED84E251D}.Debug|Any CPU.ActiveCfg = Debug|Any CPU
		{05BE7526-D757-48FF-A73C-7C7ED84E251D}.Debug|Any CPU.Build.0 = Debug|Any CPU
		{05BE7526-D757-48FF-A73C-7C7ED84E251D}.Release|Any CPU.ActiveCfg = Release|Any CPU
		{05BE7526-D757-48FF-A73C-7C7ED84E251D}.Release|Any CPU.Build.0 = Release|Any CPU
	EndGlobalSection
EndGlobal
